{
    "_readme": [
        "This file locks the dependencies of your project to a known state",
        "Read more about it at http://getcomposer.org/doc/01-basic-usage.md#composer-lock-the-lock-file",
        "This file is @generated automatically"
    ],
    "hash": "c896238efea49afe758628e6909f00c8",
    "packages": [
        {
            "name": "fwlib/fwlib",
            "version": "v2.3.4",
            "source": {
                "type": "git",
                "url": "https://github.com/fwolf/fwlib.git",
                "reference": "583ac20887ca6f7ef84fe755708cb3693849eb28",
                "mirrors": [
                    {
                        "url": "/%package%/%normalizedUrl%.%type%",
                        "preferred": true
                    }
                ]
            },
            "dist": {
                "type": "zip",
                "url": "https://api.github.com/repos/fwolf/fwlib/zipball/583ac20887ca6f7ef84fe755708cb3693849eb28",
                "reference": "583ac20887ca6f7ef84fe755708cb3693849eb28",
                "shasum": "",
                "mirrors": [
                    {
                        "url": "http://pkg.phpcomposer.com/repo/packagist/dists/%package%/%version%/%reference%.%type%",
                        "preferred": true
                    }
                ]
            },
            "require": {
                "php": ">=5.3.0"
            },
            "type": "library",
            "autoload": {
                "psr-4": {
                    "Fwlib\\": "Fwlib/"
                }
            },
            "notification-url": "https://packagist.org/downloads/",
            "license": [
                "LGPL-3.0+"
            ],
            "authors": [
                {
                    "name": "Fwolf",
                    "email": "fwolf.aide+Fwlib@gmail.com"
                }
            ],
            "description": "Common PHP library",
            "keywords": [
                "fwlib",
                "lib"
            ],
            "time": "2015-01-05 09:02:57"
        },
        {
            "name": "fwolf/phpmailer-wrapper",
            "version": "v1.0",
            "source": {
                "type": "git",
                "url": "https://github.com/fwolf/phpmailer-wrapper.git",
                "reference": "ca1b49adce3af348a0ec07e7994c8f3e9c88fe94",
                "mirrors": [
                    {
                        "url": "/%package%/%normalizedUrl%.%type%",
                        "preferred": true
                    }
                ]
            },
            "dist": {
                "type": "zip",
                "url": "https://api.github.com/repos/fwolf/phpmailer-wrapper/zipball/ca1b49adce3af348a0ec07e7994c8f3e9c88fe94",
                "reference": "ca1b49adce3af348a0ec07e7994c8f3e9c88fe94",
                "shasum": "",
                "mirrors": [
                    {
                        "url": "http://pkg.phpcomposer.com/repo/packagist/dists/%package%/%version%/%reference%.%type%",
                        "preferred": true
                    }
                ]
            },
            "require": {
                "php": ">=5.4.0",
                "phpmailer/phpmailer": "5.*"
            },
            "type": "library",
            "autoload": {
                "psr-4": {
                    "Fwolf\\Wrapper\\PHPMailer\\": "src/PHPMailer/"
                }
            },
            "notification-url": "https://packagist.org/downloads/",
            "license": [
                "MIT"
            ],
            "authors": [
                {
                    "name": "Fwolf",
                    "email": "fwolf.aide+PHPMailer-Wrapper@gmail.com"
                }
            ],
            "description": "Wrapper for easy use of PHPMailer",
            "keywords": [
                "mail",
                "wrapper"
            ],
            "time": "2015-02-25 10:34:49"
        },
        {
            "name": "phpmailer/phpmailer",
            "version": "v5.2.9",
            "source": {
                "type": "git",
                "url": "https://github.com/PHPMailer/PHPMailer.git",
                "reference": "73b61679809615850706f1dbf88e6df2ddc05745",
                "mirrors": [
                    {
                        "url": "/%package%/%normalizedUrl%.%type%",
                        "preferred": true
                    }
                ]
            },
            "dist": {
                "type": "zip",
                "url": "https://api.github.com/repos/PHPMailer/PHPMailer/zipball/73b61679809615850706f1dbf88e6df2ddc05745",
                "reference": "73b61679809615850706f1dbf88e6df2ddc05745",
                "shasum": "",
                "mirrors": [
                    {
                        "url": "http://pkg.phpcomposer.com/repo/packagist/dists/%package%/%version%/%reference%.%type%",
                        "preferred": true
                    }
                ]
            },
            "require": {
                "php": ">=5.0.0"
            },
            "require-dev": {
                "phpdocumentor/phpdocumentor": "*",
                "phpunit/phpunit": "4.1.*"
            },
            "type": "library",
            "autoload": {
                "classmap": [
                    "class.phpmailer.php",
                    "class.pop3.php",
                    "class.smtp.php"
                ]
            },
            "notification-url": "https://packagist.org/downloads/",
            "license": [
                "LGPL-2.1"
            ],
            "authors": [
                {
                    "name": "Jim Jagielski",
                    "email": "jimjag@gmail.com"
                },
                {
                    "name": "Marcus Bointon",
                    "email": "phpmailer@synchromedia.co.uk"
                },
                {
                    "name": "Andy Prevost",
                    "email": "codeworxtech@users.sourceforge.net"
                },
                {
                    "name": "Brent R. Matzelle"
                }
            ],
            "description": "PHPMailer is a full-featured email creation and transfer class for PHP",
            "time": "2014-09-26 18:33:30"
        }
    ],
    "packages-dev": [],
    "aliases": [],
    "minimum-stability": "stable",
    "stability-flags": [],
    "prefer-stable": false,
    "prefer-lowest": false,
    "platform": {
        "php": ">=5.4.0"
    },
    "platform-dev": []
}
